{
  "generated_at": "2026-08-21",
  "policy": "verify-current-official-release-before-install",
  "tools": {
    "bbot": {"command": "bbot", "version": "3.0.1", "status": "blocked-python10-wsl", "source": "https://github.com/blacklanternsecurity/bbot"},
    "subfinder": {"command": "vendor/bin/subfinder.exe", "version": "v2.15.0", "status": "verified", "sha256": "37fca8541b4cb9e2a9b542a94defd671a9fd2f6003b2cc64c38d20c736b28be4", "source": "https://github.com/projectdiscovery/subfinder"},
    "httpx": {"command": "vendor/bin/httpx.exe", "version": "v1.10.0", "status": "verified", "sha256": "5b157473d301a289e6c7c33e31130db019f9ea51e112cff509bc60eb9c2072ba", "source": "https://github.com/projectdiscovery/httpx"},
    "katana": {"command": "vendor/bin/katana.exe", "version": "v1.7.0", "status": "verified", "sha256": "8d9632f95dfeae3bd6847971dbf6bef18f395056236fe7e43499d46b9789d278", "source": "https://github.com/projectdiscovery/katana"},
    "nuclei": {"command": "vendor/bin/nuclei.exe", "version": "v3.11.1", "status": "blocked-by-endpoint-security", "sha256": "bb6cb9ff8939b753f6fcab06fd30a15f5bc61d8382a597871334c007a85ff9d2", "source": "https://github.com/projectdiscovery/nuclei"},
    "reconftw": {"command": "reconftw", "version": "current", "status": "blocked-linux-shell-wsl", "source": "https://github.com/six2dez/reconftw"},
    "zap": {"command": "vendor/zap/ZAP_2.17.0/zap.bat", "version": "2.17.0", "status": "verified-version-only", "sha256": "0cb73b7f72d12c263fb61de304edb82a455d7aa4e1813c216c061765c306f5b7", "source": "https://www.zaproxy.org/"}
  }
}
